
Microsoft Visual Studio Solution File, Format Version 12.00
# Visual Studio Version 17
VisualStudioVersion = 17.3.32825.248
MinimumVisualStudioVersion = 10.0.40219.1
Project("{FAE04EC0-301F-11D3-BF4B-00C04F79EFBC}") = "Module01_Activity02.Android", "Module01_Activity02.Android\Module01_Activity02.Android.csproj", "{535F0C44-A466-42F6-8050-95C4BAF23F24}"
EndProject
Project("{FAE04EC0-301F-11D3-BF4B-00C04F79EFBC}") = "Module01_Activity02.iOS", "Module01_Activity02.iOS\Module01_Activity02.iOS.csproj", "{69BC2345-9180-499F-82CF-38E7BCB89549}"
EndProject
Project("{FAE04EC0-301F-11D3-BF4B-00C04F79EFBC}") = "Module01_Activity02", "Module01_Activity02\Module01_Activity02.csproj", "{0DF825A1-998F-4EFF-B909-8D28B9B6BC1D}"
EndProject
Global
	GlobalSection(SolutionConfigurationPlatforms) = preSolution
		Debug|Any CPU = Debug|Any CPU
		Debug|iPhone = Debug|iPhone
		Debug|iPhoneSimulator = Debug|iPhoneSimulator
		Release|Any CPU = Release|Any CPU
		Release|iPhone = Release|iPhone
		Release|iPhoneSimulator = Release|iPhoneSimulator
	EndGlobalSection
	GlobalSection(ProjectConfigurationPlatforms) = postSolution
		{535F0C44-A466-42F6-8050-95C4BAF23F24}.Debug|Any CPU.ActiveCfg = Debug|Any CPU
		{535F0C44-A466-42F6-8050-95C4BAF23F24}.Debug|Any CPU.Build.0 = Debug|Any CPU
		{535F0C44-A466-42F6-8050-95C4BAF23F24}.Debug|Any CPU.Deploy.0 = Debug|Any CPU
		{535F0C44-A466-42F6-8050-95C4BAF23F24}.Debug|iPhone.ActiveCfg = Debug|Any CPU
		{535F0C44-A466-42F6-8050-95C4BAF23F24}.Debug|iPhone.Build.0 = Debug|Any CPU
		{535F0C44-A466-42F6-8050-95C4BAF23F24}.Debug|iPhone.Deploy.0 = Debug|Any CPU
		{535F0C44-A466-42F6-8050-95C4BAF23F24}.Debug|iPhoneSimulator.ActiveCfg = Debug|Any CPU
		{535F0C44-A466-42F6-8050-95C4BAF23F24}.Debug|iPhoneSimulator.Build.0 = Debug|Any CPU
		{535F0C44-A466-42F6-8050-95C4BAF23F24}.Debug|iPhoneSimulator.Deploy.0 = Debug|Any CPU
		{535F0C44-A466-42F6-8050-95C4BAF23F24}.Release|Any CPU.ActiveCfg = Release|Any CPU
		{535F0C44-A466-42F6-8050-95C4BAF23F24}.Release|Any CPU.Build.0 = Release|Any CPU
		{535F0C44-A466-42F6-8050-95C4BAF23F24}.Release|Any CPU.Deploy.0 = Release|Any CPU
		{535F0C44-A466-42F6-8050-95C4BAF23F24}.Release|iPhone.ActiveCfg = Release|Any CPU
		{535F0C44-A466-42F6-8050-95C4BAF23F24}.Release|iPhone.Build.0 = Release|Any CPU
		{535F0C44-A466-42F6-8050-95C4BAF23F24}.Release|iPhone.Deploy.0 = Release|Any CPU
		{535F0C44-A466-42F6-8050-95C4BAF23F24}.Release|iPhoneSimulator.ActiveCfg = Release|Any CPU
		{535F0C44-A466-42F6-8050-95C4BAF23F24}.Release|iPhoneSimulator.Build.0 = Release|Any CPU
		{535F0C44-A466-42F6-8050-95C4BAF23F24}.Release|iPhoneSimulator.Deploy.0 = Release|Any CPU
		{69BC2345-9180-499F-82CF-38E7BCB89549}.Debug|Any CPU.ActiveCfg = Debug|iPhone
		{69BC2345-9180-499F-82CF-38E7BCB89549}.Debug|Any CPU.Build.0 = Debug|iPhone
		{69BC2345-9180-499F-82CF-38E7BCB89549}.Debug|Any CPU.Deploy.0 = Debug|iPhone
		{69BC2345-9180-499F-82CF-38E7BCB89549}.Debug|iPhone.ActiveCfg = Debug|iPhone
		{69BC2345-9180-499F-82CF-38E7BCB89549}.Debug|iPhone.Build.0 = Debug|iPhone
		{69BC2345-9180-499F-82CF-38E7BCB89549}.Debug|iPhone.Deploy.0 = Debug|iPhone
		{69BC2345-9180-499F-82CF-38E7BCB89549}.Debug|iPhoneSimulator.ActiveCfg = Debug|iPhoneSimulator
		{69BC2345-9180-499F-82CF-38E7BCB89549}.Debug|iPhoneSimulator.Build.0 = Debug|iPhoneSimulator
		{69BC2345-9180-499F-82CF-38E7BCB89549}.Debug|iPhoneSimulator.Deploy.0 = Debug|iPhoneSimulator
		{69BC2345-9180-499F-82CF-38E7BCB89549}.Release|Any CPU.ActiveCfg = Release|iPhoneSimulator
		{69BC2345-9180-499F-82CF-38E7BCB89549}.Release|Any CPU.Build.0 = Release|iPhoneSimulator
		{69BC2345-9180-499F-82CF-38E7BCB89549}.Release|Any CPU.Deploy.0 = Release|iPhoneSimulator
		{69BC2345-9180-499F-82CF-38E7BCB89549}.Release|iPhone.ActiveCfg = Release|iPhone
		{69BC2345-9180-499F-82CF-38E7BCB89549}.Release|iPhone.Build.0 = Release|iPhone
		{69BC2345-9180-499F-82CF-38E7BCB89549}.Release|iPhone.Deploy.0 = Release|iPhone
		{69BC2345-9180-499F-82CF-38E7BCB89549}.Release|iPhoneSimulator.ActiveCfg = Release|iPhoneSimulator
		{69BC2345-9180-499F-82CF-38E7BCB89549}.Release|iPhoneSimulator.Build.0 = Release|iPhoneSimulator
		{69BC2345-9180-499F-82CF-38E7BCB89549}.Release|iPhoneSimulator.Deploy.0 = Release|iPhoneSimulator
		{0DF825A1-998F-4EFF-B909-8D28B9B6BC1D}.Debug|Any CPU.ActiveCfg = Debug|Any CPU
		{0DF825A1-998F-4EFF-B909-8D28B9B6BC1D}.Debug|Any CPU.Build.0 = Debug|Any CPU
		{0DF825A1-998F-4EFF-B909-8D28B9B6BC1D}.Debug|Any CPU.Deploy.0 = Debug|Any CPU
		{0DF825A1-998F-4EFF-B909-8D28B9B6BC1D}.Debug|iPhone.ActiveCfg = Debug|Any CPU
		{0DF825A1-998F-4EFF-B909-8D28B9B6BC1D}.Debug|iPhone.Build.0 = Debug|Any CPU
		{0DF825A1-998F-4EFF-B909-8D28B9B6BC1D}.Debug|iPhone.Deploy.0 = Debug|Any CPU
		{0DF825A1-998F-4EFF-B909-8D28B9B6BC1D}.Debug|iPhoneSimulator.ActiveCfg = Debug|Any CPU
		{0DF825A1-998F-4EFF-B909-8D28B9B6BC1D}.Debug|iPhoneSimulator.Build.0 = Debug|Any CPU
		{0DF825A1-998F-4EFF-B909-8D28B9B6BC1D}.Debug|iPhoneSimulator.Deploy.0 = Debug|Any CPU
		{0DF825A1-998F-4EFF-B909-8D28B9B6BC1D}.Release|Any CPU.ActiveCfg = Release|Any CPU
		{0DF825A1-998F-4EFF-B909-8D28B9B6BC1D}.Release|Any CPU.Build.0 = Release|Any CPU
		{0DF825A1-998F-4EFF-B909-8D28B9B6BC1D}.Release|Any CPU.Deploy.0 = Release|Any CPU
		{0DF825A1-998F-4EFF-B909-8D28B9B6BC1D}.Release|iPhone.ActiveCfg = Release|Any CPU
		{0DF825A1-998F-4EFF-B909-8D28B9B6BC1D}.Release|iPhone.Build.0 = Release|Any CPU
		{0DF825A1-998F-4EFF-B909-8D28B9B6BC1D}.Release|iPhone.Deploy.0 = Release|Any CPU
		{0DF825A1-998F-4EFF-B909-8D28B9B6BC1D}.Release|iPhoneSimulator.ActiveCfg = Release|Any CPU
		{0DF825A1-998F-4EFF-B909-8D28B9B6BC1D}.Release|iPhoneSimulator.Build.0 = Release|Any CPU
		{0DF825A1-998F-4EFF-B909-8D28B9B6BC1D}.Release|iPhoneSimulator.Deploy.0 = Release|Any CPU
	EndGlobalSection
	GlobalSection(SolutionProperties) = preSolution
		HideSolutionNode = FALSE
	EndGlobalSection
	GlobalSection(ExtensibilityGlobals) = postSolution
		SolutionGuid = {B4DBC7AE-54CA-4588-A489-AA5A46053349}
	EndGlobalSection
EndGlobal
